
Microsoft Visual Studio Solution File, Format Version 12.00
# Visual Studio 15
VisualStudioVersion = 15.0.28307.106
MinimumVisualStudioVersion = 10.0.40219.1
Project("{9A19103F-16F7-4668-BE54-9A1E7A4F7556}") = "api", "api\api.csproj", "{65DCCB8B-7B97-4059-B17B-99449499CA92}"
EndProject
Global
	GlobalSection(SolutionConfigurationPlatforms) = preSolution
		Debug|Any CPU = Debug|Any CPU
		Release|Any CPU = Release|Any CPU
	EndGlobalSection
	GlobalSection(ProjectConfigurationPlatforms) = postSolution
		{65DCCB8B-7B97-4059-B17B-99449499CA92}.Debug|Any CPU.ActiveCfg = Debug|Any CPU
		{65DCCB8B-7B97-4059-B17B-99449499CA92}.Debug|Any CPU.Build.0 = Debug|Any CPU
		{65DCCB8B-7B97-4059-B17B-99449499CA92}.Release|Any CPU.ActiveCfg = Release|Any CPU
		{65DCCB8B-7B97-4059-B17B-99449499CA92}.Release|Any CPU.Build.0 = Release|Any CPU
	EndGlobalSection
	GlobalSection(SolutionProperties) = preSolution
		HideSolutionNode = FALSE
	EndGlobalSection
	GlobalSection(ExtensibilityGlobals) = postSolution
		SolutionGuid = {1AD1F15E-07FE-4D1A-8577-2D4B59AD786F}
	EndGlobalSection
EndGlobal
